
Microsoft Visual Studio Solution File, Format Version 12.00
# Visual Studio Version 17
VisualStudioVersion = 17.11.35327.3
MinimumVisualStudioVersion = 10.0.40219.1
Project("{FAE04EC0-301F-11D3-BF4B-00C04F79EFBC}") = "TheUncodedOne.Contract", "TheUncodedOne.Contract\TheUncodedOne.Contract.csproj", "{E27D8B87-76F7-4239-B9BA-93A23ED730F3}"
EndProject
Project("{FAE04EC0-301F-11D3-BF4B-00C04F79EFBC}") = "TheUncodedOne.Inventory", "TheUncodedOne.Inventory\TheUncodedOne.Inventory.csproj", "{8FDD1C93-4947-43D6-B5FE-C91DCDE73CCD}"
EndProject
Project("{FAE04EC0-301F-11D3-BF4B-00C04F79EFBC}") = "TheUncodedOne.Game", "TheUncodedOne.Game\TheUncodedOne.Game.csproj", "{11C3D1A1-7EC3-49AE-860A-49C27B125B7D}"
EndProject
Project("{FAE04EC0-301F-11D3-BF4B-00C04F79EFBC}") = "TheUncodedOne.Tests", "TheUncodedOne.Tests\TheUncodedOne.Tests.csproj", "{9FF716E8-5AA2-44AD-9F64-824E667A08EF}"
EndProject
Global
	GlobalSection(SolutionConfigurationPlatforms) = preSolution
		Debug|Any CPU = Debug|Any CPU
		Release|Any CPU = Release|Any CPU
	EndGlobalSection
	GlobalSection(ProjectConfigurationPlatforms) = postSolution
		{E27D8B87-76F7-4239-B9BA-93A23ED730F3}.Debug|Any CPU.ActiveCfg = Debug|Any CPU
		{E27D8B87-76F7-4239-B9BA-93A23ED730F3}.Debug|Any CPU.Build.0 = Debug|Any CPU
		{E27D8B87-76F7-4239-B9BA-93A23ED730F3}.Release|Any CPU.ActiveCfg = Release|Any CPU
		{E27D8B87-76F7-4239-B9BA-93A23ED730F3}.Release|Any CPU.Build.0 = Release|Any CPU
		{8FDD1C93-4947-43D6-B5FE-C91DCDE73CCD}.Debug|Any CPU.ActiveCfg = Debug|Any CPU
		{8FDD1C93-4947-43D6-B5FE-C91DCDE73CCD}.Debug|Any CPU.Build.0 = Debug|Any CPU
		{8FDD1C93-4947-43D6-B5FE-C91DCDE73CCD}.Release|Any CPU.ActiveCfg = Release|Any CPU
		{8FDD1C93-4947-43D6-B5FE-C91DCDE73CCD}.Release|Any CPU.Build.0 = Release|Any CPU
		{11C3D1A1-7EC3-49AE-860A-49C27B125B7D}.Debug|Any CPU.ActiveCfg = Debug|Any CPU
		{11C3D1A1-7EC3-49AE-860A-49C27B125B7D}.Debug|Any CPU.Build.0 = Debug|Any CPU
		{11C3D1A1-7EC3-49AE-860A-49C27B125B7D}.Release|Any CPU.ActiveCfg = Release|Any CPU
		{11C3D1A1-7EC3-49AE-860A-49C27B125B7D}.Release|Any CPU.Build.0 = Release|Any CPU
		{9FF716E8-5AA2-44AD-9F64-824E667A08EF}.Debug|Any CPU.ActiveCfg = Debug|Any CPU
		{9FF716E8-5AA2-44AD-9F64-824E667A08EF}.Debug|Any CPU.Build.0 = Debug|Any CPU
		{9FF716E8-5AA2-44AD-9F64-824E667A08EF}.Release|Any CPU.ActiveCfg = Release|Any CPU
		{9FF716E8-5AA2-44AD-9F64-824E667A08EF}.Release|Any CPU.Build.0 = Release|Any CPU
	EndGlobalSection
	GlobalSection(SolutionProperties) = preSolution
		HideSolutionNode = FALSE
	EndGlobalSection
	GlobalSection(ExtensibilityGlobals) = postSolution
		SolutionGuid = {1D5E8E84-528B-4405-80FC-A2A4C922BDDD}
	EndGlobalSection
EndGlobal
